// !$*UTF8*$!
{
	archiveVersion = 1;
	classes = {
	};
	objectVersion = 55;
	objects = {

/* Begin PBXBuildFile section */
		A5584228294F6DC400EC715D /* NavigationBarView.swift in Sources */ = {isa = PBXBuildFile; fileRef = A5584227294F6DC400EC715D /* NavigationBarView.swift */; };
		A558422A294F6EB600EC715D /* LogoView.swift in Sources */ = {isa = PBXBuildFile; fileRef = A5584229294F6EB600EC715D /* LogoView.swift */; };
		A558422C294F753800EC715D /* PlayerModel.swift in Sources */ = {isa = PBXBuildFile; fileRef = A558422B294F753800EC715D /* PlayerModel.swift */; };
		A558422E294F757700EC715D /* CodableBundle+Extensions.swift in Sources */ = {isa = PBXBuildFile; fileRef = A558422D294F757700EC715D /* CodableBundle+Extensions.swift */; };
		A5584232294F76B800EC715D /* FeaturedItemView.swift in Sources */ = {isa = PBXBuildFile; fileRef = A5584231294F76B800EC715D /* FeaturedItemView.swift */; };
		A5584234294F775300EC715D /* FeaturedTabView.swift in Sources */ = {isa = PBXBuildFile; fileRef = A5584233294F775300EC715D /* FeaturedTabView.swift */; };
		A58E74BD294F60660030312B /* TouchdownApp.swift in Sources */ = {isa = PBXBuildFile; fileRef = A58E74BC294F60660030312B /* TouchdownApp.swift */; };
		A58E74BF294F60660030312B /* ContentView.swift in Sources */ = {isa = PBXBuildFile; fileRef = A58E74BE294F60660030312B /* ContentView.swift */; };
		A58E74C1294F60680030312B /* Assets.xcassets in Resources */ = {isa = PBXBuildFile; fileRef = A58E74C0294F60680030312B /* Assets.xcassets */; };
		A58E74C4294F60680030312B /* Preview Assets.xcassets in Resources */ = {isa = PBXBuildFile; fileRef = A58E74C3294F60680030312B /* Preview Assets.xcassets */; };
		A58E74CE294F61140030312B /* category.json in Resources */ = {isa = PBXBuildFile; fileRef = A58E74CA294F61130030312B /* category.json */; };
		A58E74CF294F61140030312B /* player.json in Resources */ = {isa = PBXBuildFile; fileRef = A58E74CB294F61130030312B /* player.json */; };
		A58E74D0294F61140030312B /* product.json in Resources */ = {isa = PBXBuildFile; fileRef = A58E74CC294F61130030312B /* product.json */; };
		A58E74D1294F61140030312B /* brand.json in Resources */ = {isa = PBXBuildFile; fileRef = A58E74CD294F61140030312B /* brand.json */; };
		A58E74D9294F66D20030312B /* Launch Screen.storyboard in Resources */ = {isa = PBXBuildFile; fileRef = A58E74D8294F66D20030312B /* Launch Screen.storyboard */; };
		A58E74E2294F68FE0030312B /* Constants.swift in Sources */ = {isa = PBXBuildFile; fileRef = A58E74E1294F68FE0030312B /* Constants.swift */; };
		A58E74E4294F69CE0030312B /* FooterView.swift in Sources */ = {isa = PBXBuildFile; fileRef = A58E74E3294F69CE0030312B /* FooterView.swift */; };
/* End PBXBuildFile section */

/* Begin PBXFileReference section */
		A5584227294F6DC400EC715D /* NavigationBarView.swift */ = {isa = PBXFileReference; lastKnownFileType = sourcecode.swift; path = NavigationBarView.swift; sourceTree = "<group>"; };
		A5584229294F6EB600EC715D /* LogoView.swift */ = {isa = PBXFileReference; lastKnownFileType = sourcecode.swift; path = LogoView.swift; sourceTree = "<group>"; };
		A558422B294F753800EC715D /* PlayerModel.swift */ = {isa = PBXFileReference; lastKnownFileType = sourcecode.swift; path = PlayerModel.swift; sourceTree = "<group>"; };
		A558422D294F757700EC715D /* CodableBundle+Extensions.swift */ = {isa = PBXFileReference; lastKnownFileType = sourcecode.swift; path = "CodableBundle+Extensions.swift"; sourceTree = "<group>"; };
		A5584231294F76B800EC715D /* FeaturedItemView.swift */ = {isa = PBXFileReference; lastKnownFileType = sourcecode.swift; path = FeaturedItemView.swift; sourceTree = "<group>"; };
		A5584233294F775300EC715D /* FeaturedTabView.swift */ = {isa = PBXFileReference; lastKnownFileType = sourcecode.swift; path = FeaturedTabView.swift; sourceTree = "<group>"; };
		A58E74B9294F60660030312B /* Touchdown.app */ = {isa = PBXFileReference; explicitFileType = wrapper.application; includeInIndex = 0; path = Touchdown.app; sourceTree = BUILT_PRODUCTS_DIR; };
		A58E74BC294F60660030312B /* TouchdownApp.swift */ = {isa = PBXFileReference; lastKnownFileType = sourcecode.swift; path = TouchdownApp.swift; sourceTree = "<group>"; };
		A58E74BE294F60660030312B /* ContentView.swift */ = {isa = PBXFileReference; lastKnownFileType = sourcecode.swift; path = ContentView.swift; sourceTree = "<group>"; };
		A58E74C0294F60680030312B /* Assets.xcassets */ = {isa = PBXFileReference; lastKnownFileType = folder.assetcatalog; path = Assets.xcassets; sourceTree = "<group>"; };
		A58E74C3294F60680030312B /* Preview Assets.xcassets */ = {isa = PBXFileReference; lastKnownFileType = folder.assetcatalog; path = "Preview Assets.xcassets"; sourceTree = "<group>"; };
		A58E74CA294F61130030312B /* category.json */ = {isa = PBXFileReference; fileEncoding = 4; lastKnownFileType = text.json; path = category.json; sourceTree = "<group>"; };
		A58E74CB294F61130030312B /* player.json */ = {isa = PBXFileReference; fileEncoding = 4; lastKnownFileType = text.json; path = player.json; sourceTree = "<group>"; };
		A58E74CC294F61130030312B /* product.json */ = {isa = PBXFileReference; fileEncoding = 4; lastKnownFileType = text.json; path = product.json; sourceTree = "<group>"; };
		A58E74CD294F61140030312B /* brand.json */ = {isa = PBXFileReference; fileEncoding = 4; lastKnownFileType = text.json; path = brand.json; sourceTree = "<group>"; };
		A58E74D3294F61570030312B /* Info.plist */ = {isa = PBXFileReference; lastKnownFileType = text.plist.xml; path = Info.plist; sourceTree = "<group>"; };
		A58E74D8294F66D20030312B /* Launch Screen.storyboard */ = {isa = PBXFileReference; lastKnownFileType = file.storyboard; path = "Launch Screen.storyboard"; sourceTree = "<group>"; };
		A58E74E1294F68FE0030312B /* Constants.swift */ = {isa = PBXFileReference; lastKnownFileType = sourcecode.swift; path = Constants.swift; sourceTree = "<group>"; };
		A58E74E3294F69CE0030312B /* FooterView.swift */ = {isa = PBXFileReference; lastKnownFileType = sourcecode.swift; path = FooterView.swift; sourceTree = "<group>"; };
/* End PBXFileReference section */

/* Begin PBXFrameworksBuildPhase section */
		A58E74B6294F60660030312B /* Frameworks */ = {
			isa = PBXFrameworksBuildPhase;
			buildActionMask = 2147483647;
			files = (
			);
			runOnlyForDeploymentPostprocessing = 0;
		};
/* End PBXFrameworksBuildPhase section */

/* Begin PBXGroup section */
		A58E74B0294F60660030312B = {
			isa = PBXGroup;
			children = (
				A58E74BB294F60660030312B /* Touchdown */,
				A58E74BA294F60660030312B /* Products */,
			);
			sourceTree = "<group>";
		};
		A58E74BA294F60660030312B /* Products */ = {
			isa = PBXGroup;
			children = (
				A58E74B9294F60660030312B /* Touchdown.app */,
			);
			name = Products;
			sourceTree = "<group>";
		};
		A58E74BB294F60660030312B /* Touchdown */ = {
			isa = PBXGroup;
			children = (
				A58E74DA294F67320030312B /* App */,
				A58E74D2294F61180030312B /* Data */,
				A58E74DF294F677E0030312B /* Extensions */,
				A58E74DE294F676A0030312B /* Models */,
				A58E74C2294F60680030312B /* Preview Content */,
				A58E74E0294F67970030312B /* Utility */,
				A58E74DB294F674D0030312B /* Views */,
				A58E74D3294F61570030312B /* Info.plist */,
				A58E74D8294F66D20030312B /* Launch Screen.storyboard */,
				A58E74C0294F60680030312B /* Assets.xcassets */,
			);
			path = Touchdown;
			sourceTree = "<group>";
		};
		A58E74C2294F60680030312B /* Preview Content */ = {
			isa = PBXGroup;
			children = (
				A58E74C3294F60680030312B /* Preview Assets.xcassets */,
			);
			path = "Preview Content";
			sourceTree = "<group>";
		};
		A58E74D2294F61180030312B /* Data */ = {
			isa = PBXGroup;
			children = (
				A58E74CD294F61140030312B /* brand.json */,
				A58E74CA294F61130030312B /* category.json */,
				A58E74CB294F61130030312B /* player.json */,
				A58E74CC294F61130030312B /* product.json */,
			);
			path = Data;
			sourceTree = "<group>";
		};
		A58E74DA294F67320030312B /* App */ = {
			isa = PBXGroup;
			children = (
				A58E74BC294F60660030312B /* TouchdownApp.swift */,
				A58E74BE294F60660030312B /* ContentView.swift */,
			);
			path = App;
			sourceTree = "<group>";
		};
		A58E74DB294F674D0030312B /* Views */ = {
			isa = PBXGroup;
			children = (
				A58E74DD294F675D0030312B /* Detail */,
				A58E74DC294F67510030312B /* Home */,
			);
			path = Views;
			sourceTree = "<group>";
		};
		A58E74DC294F67510030312B /* Home */ = {
			isa = PBXGroup;
			children = (
				A58E74E3294F69CE0030312B /* FooterView.swift */,
				A5584227294F6DC400EC715D /* NavigationBarView.swift */,
				A5584229294F6EB600EC715D /* LogoView.swift */,
				A5584231294F76B800EC715D /* FeaturedItemView.swift */,
				A5584233294F775300EC715D /* FeaturedTabView.swift */,
			);
			path = Home;
			sourceTree = "<group>";
		};
		A58E74DD294F675D0030312B /* Detail */ = {
			isa = PBXGroup;
			children = (
			);
			path = Detail;
			sourceTree = "<group>";
		};
		A58E74DE294F676A0030312B /* Models */ = {
			isa = PBXGroup;
			children = (
				A558422B294F753800EC715D /* PlayerModel.swift */,
			);
			path = Models;
			sourceTree = "<group>";
		};
		A58E74DF294F677E0030312B /* Extensions */ = {
			isa = PBXGroup;
			children = (
				A558422D294F757700EC715D /* CodableBundle+Extensions.swift */,
			);
			path = Extensions;
			sourceTree = "<group>";
		};
		A58E74E0294F67970030312B /* Utility */ = {
			isa = PBXGroup;
			children = (
				A58E74E1294F68FE0030312B /* Constants.swift */,
			);
			path = Utility;
			sourceTree = "<group>";
		};
/* End PBXGroup section */

/* Begin PBXNativeTarget section */
		A58E74B8294F60660030312B /* Touchdown */ = {
			isa = PBXNativeTarget;
			buildConfigurationList = A58E74C7294F60680030312B /* Build configuration list for PBXNativeTarget "Touchdown" */;
			buildPhases = (
				A58E74B5294F60660030312B /* Sources */,
				A58E74B6294F60660030312B /* Frameworks */,
				A58E74B7294F60660030312B /* Resources */,
			);
			buildRules = (
			);
			dependencies = (
			);
			name = Touchdown;
			productName = Touchdown;
			productReference = A58E74B9294F60660030312B /* Touchdown.app */;
			productType = "com.apple.product-type.application";
		};
/* End PBXNativeTarget section */

/* Begin PBXProject section */
		A58E74B1294F60660030312B /* Project object */ = {
			isa = PBXProject;
			attributes = {
				BuildIndependentTargetsInParallel = 1;
				LastSwiftUpdateCheck = 1320;
				LastUpgradeCheck = 1320;
				TargetAttributes = {
					A58E74B8294F60660030312B = {
						CreatedOnToolsVersion = 13.2.1;
					};
				};
			};
			buildConfigurationList = A58E74B4294F60660030312B /* Build configuration list for PBXProject "Touchdown" */;
			compatibilityVersion = "Xcode 13.0";
			developmentRegion = en;
			hasScannedForEncodings = 0;
			knownRegions = (
				en,
				Base,
			);
			mainGroup = A58E74B0294F60660030312B;
			productRefGroup = A58E74BA294F60660030312B /* Products */;
			projectDirPath = "";
			projectRoot = "";
			targets = (
				A58E74B8294F60660030312B /* Touchdown */,
			);
		};
/* End PBXProject section */

/* Begin PBXResourcesBuildPhase section */
		A58E74B7294F60660030312B /* Resources */ = {
			isa = PBXResourcesBuildPhase;
			buildActionMask = 2147483647;
			files = (
				A58E74CF294F61140030312B /* player.json in Resources */,
				A58E74CE294F61140030312B /* category.json in Resources */,
				A58E74C4294F60680030312B /* Preview Assets.xcassets in Resources */,
				A58E74C1294F60680030312B /* Assets.xcassets in Resources */,
				A58E74D0294F61140030312B /* product.json in Resources */,
				A58E74D1294F61140030312B /* brand.json in Resources */,
				A58E74D9294F66D20030312B /* Launch Screen.storyboard in Resources */,
			);
			runOnlyForDeploymentPostprocessing = 0;
		};
/* End PBXResourcesBuildPhase section */

/* Begin PBXSourcesBuildPhase section */
		A58E74B5294F60660030312B /* Sources */ = {
			isa = PBXSourcesBuildPhase;
			buildActionMask = 2147483647;
			files = (
				A558422E294F757700EC715D /* CodableBundle+Extensions.swift in Sources */,
				A58E74BF294F60660030312B /* ContentView.swift in Sources */,
				A558422A294F6EB600EC715D /* LogoView.swift in Sources */,
				A58E74E4294F69CE0030312B /* FooterView.swift in Sources */,
				A5584232294F76B800EC715D /* FeaturedItemView.swift in Sources */,
				A58E74BD294F60660030312B /* TouchdownApp.swift in Sources */,
				A58E74E2294F68FE0030312B /* Constants.swift in Sources */,
				A5584228294F6DC400EC715D /* NavigationBarView.swift in Sources */,
				A5584234294F775300EC715D /* FeaturedTabView.swift in Sources */,
				A558422C294F753800EC715D /* PlayerModel.swift in Sources */,
			);
			runOnlyForDeploymentPostprocessing = 0;
		};
/* End PBXSourcesBuildPhase section */

/* Begin XCBuildConfiguration section */
		A58E74C5294F60680030312B /* Debug */ = {
			isa = XCBuildConfiguration;
			buildSettings = {
				ALWAYS_SEARCH_USER_PATHS = NO;
				CLANG_ANALYZER_NONNULL = YES;
				CLANG_ANALYZER_NUMBER_OBJECT_CONVERSION = YES_AGGRESSIVE;
				CLANG_CXX_LANGUAGE_STANDARD = "gnu++17";
				CLANG_CXX_LIBRARY = "libc++";
				CLANG_ENABLE_MODULES = YES;
				CLANG_ENABLE_OBJC_ARC = YES;
				CLANG_ENABLE_OBJC_WEAK = YES;
				CLANG_WARN_BLOCK_CAPTURE_AUTORELEASING = YES;
				CLANG_WARN_BOOL_CONVERSION = YES;
				CLANG_WARN_COMMA = YES;
				CLANG_WARN_CONSTANT_CONVERSION = YES;
				CLANG_WARN_DEPRECATED_OBJC_IMPLEMENTATIONS = YES;
				CLANG_WARN_DIRECT_OBJC_ISA_USAGE = YES_ERROR;
				CLANG_WARN_DOCUMENTATION_COMMENTS = YES;
				CLANG_WARN_EMPTY_BODY = YES;
				CLANG_WARN_ENUM_CONVERSION = YES;
				CLANG_WARN_INFINITE_RECURSION = YES;
				CLANG_WARN_INT_CONVERSION = YES;
				CLANG_WARN_NON_LITERAL_NULL_CONVERSION = YES;
				CLANG_WARN_OBJC_IMPLICIT_RETAIN_SELF = YES;
				CLANG_WARN_OBJC_LITERAL_CONVERSION = YES;
				CLANG_WARN_OBJC_ROOT_CLASS = YES_ERROR;
				CLANG_WARN_QUOTED_INCLUDE_IN_FRAMEWORK_HEADER = YES;
				CLANG_WARN_RANGE_LOOP_ANALYSIS = YES;
				CLANG_WARN_STRICT_PROTOTYPES = YES;
				CLANG_WARN_SUSPICIOUS_MOVE = YES;
				CLANG_WARN_UNGUARDED_AVAILABILITY = YES_AGGRESSIVE;
				CLANG_WARN_UNREACHABLE_CODE = YES;
				CLANG_WARN__DUPLICATE_METHOD_MATCH = YES;
				COPY_PHASE_STRIP = NO;
				DEBUG_INFORMATION_FORMAT = dwarf;
				ENABLE_STRICT_OBJC_MSGSEND = YES;
				ENABLE_TESTABILITY = YES;
				GCC_C_LANGUAGE_STANDARD = gnu11;
				GCC_DYNAMIC_NO_PIC = NO;
				GCC_NO_COMMON_BLOCKS = YES;
				GCC_OPTIMIZATION_LEVEL = 0;
				GCC_PREPROCESSOR_DEFINITIONS = (
					"DEBUG=1",
					"$(inherited)",
				);
				GCC_WARN_64_TO_32_BIT_CONVERSION = YES;
				GCC_WARN_ABOUT_RETURN_TYPE = YES_ERROR;
				GCC_WARN_UNDECLARED_SELECTOR = YES;
				GCC_WARN_UNINITIALIZED_AUTOS = YES_AGGRESSIVE;
				GCC_WARN_UNUSED_FUNCTION = YES;
				GCC_WARN_UNUSED_VARIABLE = YES;
				IPHONEOS_DEPLOYMENT_TARGET = 15.2;
				MTL_ENABLE_DEBUG_INFO = INCLUDE_SOURCE;
				MTL_FAST_MATH = YES;
				ONLY_ACTIVE_ARCH = YES;
				SDKROOT = iphoneos;
				SWIFT_ACTIVE_COMPILATION_CONDITIONS = DEBUG;
				SWIFT_OPTIMIZATION_LEVEL = "-Onone";
			};
			name = Debug;
		};
		A58E74C6294F60680030312B /* Release */ = {
			isa = XCBuildConfiguration;
			buildSettings = {
				ALWAYS_SEARCH_USER_PATHS = NO;
				CLANG_ANALYZER_NONNULL = YES;
				CLANG_ANALYZER_NUMBER_OBJECT_CONVERSION = YES_AGGRESSIVE;
				CLANG_CXX_LANGUAGE_STANDARD = "gnu++17";
				CLANG_CXX_LIBRARY = "libc++";
				CLANG_ENABLE_MODULES = YES;
				CLANG_ENABLE_OBJC_ARC = YES;
				CLANG_ENABLE_OBJC_WEAK = YES;
				CLANG_WARN_BLOCK_CAPTURE_AUTORELEASING = YES;
				CLANG_WARN_BOOL_CONVERSION = YES;
				CLANG_WARN_COMMA = YES;
				CLANG_WARN_CONSTANT_CONVERSION = YES;
				CLANG_WARN_DEPRECATED_OBJC_IMPLEMENTATIONS = YES;
				CLANG_WARN_DIRECT_OBJC_ISA_USAGE = YES_ERROR;
				CLANG_WARN_DOCUMENTATION_COMMENTS = YES;
				CLANG_WARN_EMPTY_BODY = YES;
				CLANG_WARN_ENUM_CONVERSION = YES;
				CLANG_WARN_INFINITE_RECURSION = YES;
				CLANG_WARN_INT_CONVERSION = YES;
				CLANG_WARN_NON_LITERAL_NULL_CONVERSION = YES;
				CLANG_WARN_OBJC_IMPLICIT_RETAIN_SELF = YES;
				CLANG_WARN_OBJC_LITERAL_CONVERSION = YES;
				CLANG_WARN_OBJC_ROOT_CLASS = YES_ERROR;
				CLANG_WARN_QUOTED_INCLUDE_IN_FRAMEWORK_HEADER = YES;
				CLANG_WARN_RANGE_LOOP_ANALYSIS = YES;
				CLANG_WARN_STRICT_PROTOTYPES = YES;
				CLANG_WARN_SUSPICIOUS_MOVE = YES;
				CLANG_WARN_UNGUARDED_AVAILABILITY = YES_AGGRESSIVE;
				CLANG_WARN_UNREACHABLE_CODE = YES;
				CLANG_WARN__DUPLICATE_METHOD_MATCH = YES;
				COPY_PHASE_STRIP = NO;
				DEBUG_INFORMATION_FORMAT = "dwarf-with-dsym";
				ENABLE_NS_ASSERTIONS = NO;
				ENABLE_STRICT_OBJC_MSGSEND = YES;
				GCC_C_LANGUAGE_STANDARD = gnu11;
				GCC_NO_COMMON_BLOCKS = YES;
				GCC_WARN_64_TO_32_BIT_CONVERSION = YES;
				GCC_WARN_ABOUT_RETURN_TYPE = YES_ERROR;
				GCC_WARN_UNDECLARED_SELECTOR = YES;
				GCC_WARN_UNINITIALIZED_AUTOS = YES_AGGRESSIVE;
				GCC_WARN_UNUSED_FUNCTION = YES;
				GCC_WARN_UNUSED_VARIABLE = YES;
				IPHONEOS_DEPLOYMENT_TARGET = 15.2;
				MTL_ENABLE_DEBUG_INFO = NO;
				MTL_FAST_MATH = YES;
				SDKROOT = iphoneos;
				SWIFT_COMPILATION_MODE = wholemodule;
				SWIFT_OPTIMIZATION_LEVEL = "-O";
				VALIDATE_PRODUCT = YES;
			};
			name = Release;
		};
		A58E74C8294F60680030312B /* Debug */ = {
			isa = XCBuildConfiguration;
			buildSettings = {
				ASSETCATALOG_COMPILER_APPICON_NAME = AppIcon;
				ASSETCATALOG_COMPILER_GLOBAL_ACCENT_COLOR_NAME = AccentColor;
				CODE_SIGN_STYLE = Automatic;
				CURRENT_PROJECT_VERSION = 1;
				DEVELOPMENT_ASSET_PATHS = "\"Touchdown/Preview Content\"";
				DEVELOPMENT_TEAM = 2CJ76CX6G2;
				ENABLE_PREVIEWS = YES;
				GENERATE_INFOPLIST_FILE = YES;
				INFOPLIST_FILE = Touchdown/Info.plist;
				INFOPLIST_KEY_UIApplicationSceneManifest_Generation = YES;
				INFOPLIST_KEY_UIApplicationSupportsIndirectInputEvents = YES;
				INFOPLIST_KEY_UILaunchStoryboardName = "Launch Screen";
				INFOPLIST_KEY_UISupportedInterfaceOrientations_iPad = "UIInterfaceOrientationPortrait UIInterfaceOrientationPortraitUpsideDown UIInterfaceOrientationLandscapeLeft UIInterfaceOrientationLandscapeRight";
				INFOPLIST_KEY_UISupportedInterfaceOrientations_iPhone = UIInterfaceOrientationPortrait;
				INFOPLIST_KEY_UIUserInterfaceStyle = Light;
				IPHONEOS_DEPLOYMENT_TARGET = 14.0;
				LD_RUNPATH_SEARCH_PATHS = (
					"$(inherited)",
					"@executable_path/Frameworks",
				);
				MARKETING_VERSION = 1.0;
				PRODUCT_BUNDLE_IDENTIFIER = co.ahmdmau.Touchdown;
				PRODUCT_NAME = "$(TARGET_NAME)";
				SWIFT_EMIT_LOC_STRINGS = YES;
				SWIFT_VERSION = 5.0;
				TARGETED_DEVICE_FAMILY = 1;
			};
			name = Debug;
		};
		A58E74C9294F60680030312B /* Release */ = {
			isa = XCBuildConfiguration;
			buildSettings = {
				ASSETCATALOG_COMPILER_APPICON_NAME = AppIcon;
				ASSETCATALOG_COMPILER_GLOBAL_ACCENT_COLOR_NAME = AccentColor;
				CODE_SIGN_STYLE = Automatic;
				CURRENT_PROJECT_VERSION = 1;
				DEVELOPMENT_ASSET_PATHS = "\"Touchdown/Preview Content\"";
				DEVELOPMENT_TEAM = 2CJ76CX6G2;
				ENABLE_PREVIEWS = YES;
				GENERATE_INFOPLIST_FILE = YES;
				INFOPLIST_FILE = Touchdown/Info.plist;
				INFOPLIST_KEY_UIApplicationSceneManifest_Generation = YES;
				INFOPLIST_KEY_UIApplicationSupportsIndirectInputEvents = YES;
				INFOPLIST_KEY_UILaunchStoryboardName = "Launch Screen";
				INFOPLIST_KEY_UISupportedInterfaceOrientations_iPad = "UIInterfaceOrientationPortrait UIInterfaceOrientationPortraitUpsideDown UIInterfaceOrientationLandscapeLeft UIInterfaceOrientationLandscapeRight";
				INFOPLIST_KEY_UISupportedInterfaceOrientations_iPhone = UIInterfaceOrientationPortrait;
				INFOPLIST_KEY_UIUserInterfaceStyle = Light;
				IPHONEOS_DEPLOYMENT_TARGET = 14.0;
				LD_RUNPATH_SEARCH_PATHS = (
					"$(inherited)",
					"@executable_path/Frameworks",
				);
				MARKETING_VERSION = 1.0;
				PRODUCT_BUNDLE_IDENTIFIER = co.ahmdmau.Touchdown;
				PRODUCT_NAME = "$(TARGET_NAME)";
				SWIFT_EMIT_LOC_STRINGS = YES;
				SWIFT_VERSION = 5.0;
				TARGETED_DEVICE_FAMILY = 1;
			};
			name = Release;
		};
/* End XCBuildConfiguration section */

/* Begin XCConfigurationList section */
		A58E74B4294F60660030312B /* Build configuration list for PBXProject "Touchdown" */ = {
			isa = XCConfigurationList;
			buildConfigurations = (
				A58E74C5294F60680030312B /* Debug */,
				A58E74C6294F60680030312B /* Release */,
			);
			defaultConfigurationIsVisible = 0;
			defaultConfigurationName = Release;
		};
		A58E74C7294F60680030312B /* Build configuration list for PBXNativeTarget "Touchdown" */ = {
			isa = XCConfigurationList;
			buildConfigurations = (
				A58E74C8294F60680030312B /* Debug */,
				A58E74C9294F60680030312B /* Release */,
			);
			defaultConfigurationIsVisible = 0;
			defaultConfigurationName = Release;
		};
/* End XCConfigurationList section */
	};
	rootObject = A58E74B1294F60660030312B /* Project object */;
}
